// !$*UTF8*$!
{
	archiveVersion = 1;
	classes = {
	};
	objectVersion = 46;
	objects = {

/* Begin PBXBuildFile section */
		43D0B8EB1B7AF8B9008A5A3A /* main.m in Sources */ = {isa = PBXBuildFile; fileRef = 43D0B8EA1B7AF8B9008A5A3A /* main.m */; };
		43D0B8EE1B7AF8B9008A5A3A /* AppDelegate.m in Sources */ = {isa = PBXBuildFile; fileRef = 43D0B8ED1B7AF8B9008A5A3A /* AppDelegate.m */; };
		43D0B8F11B7AF8B9008A5A3A /* ViewController.m in Sources */ = {isa = PBXBuildFile; fileRef = 43D0B8F01B7AF8B9008A5A3A /* ViewController.m */; };
		43D0B8F41B7AF8B9008A5A3A /* Main.storyboard in Resources */ = {isa = PBXBuildFile; fileRef = 43D0B8F21B7AF8B9008A5A3A /* Main.storyboard */; };
		43D0B8F61B7AF8B9008A5A3A /* Images.xcassets in Resources */ = {isa = PBXBuildFile; fileRef = 43D0B8F51B7AF8B9008A5A3A /* Images.xcassets */; };
		43D0B8F91B7AF8B9008A5A3A /* LaunchScreen.xib in Resources */ = {isa = PBXBuildFile; fileRef = 43D0B8F71B7AF8B9008A5A3A /* LaunchScreen.xib */; };
		43D0B9051B7AF8B9008A5A3A /* FbloginTests.m in Sources */ = {isa = PBXBuildFile; fileRef = 43D0B9041B7AF8B9008A5A3A /* FbloginTests.m */; };
		43D0B9101B7AFA8F008A5A3A /* FBSDKCoreKit.framework in Frameworks */ = {isa = PBXBuildFile; fileRef = 43D0B90E1B7AFA8F008A5A3A /* FBSDKCoreKit.framework */; };
		43D0B9111B7AFA8F008A5A3A /* FBSDKLoginKit.framework in Frameworks */ = {isa = PBXBuildFile; fileRef = 43D0B90F1B7AFA8F008A5A3A /* FBSDKLoginKit.framework */; };
/* End PBXBuildFile section */

/* Begin PBXContainerItemProxy section */
		43D0B8FF1B7AF8B9008A5A3A /* PBXContainerItemProxy */ = {
			isa = PBXContainerItemProxy;
			containerPortal = 43D0B8DD1B7AF8B9008A5A3A /* Project object */;
			proxyType = 1;
			remoteGlobalIDString = 43D0B8E41B7AF8B9008A5A3A;
			remoteInfo = Fblogin;
		};
/* End PBXContainerItemProxy section */

/* Begin PBXFileReference section */
		43D0B8E51B7AF8B9008A5A3A /* Fblogin.app */ = {isa = PBXFileReference; explicitFileType = wrapper.application; includeInIndex = 0; path = Fblogin.app; sourceTree = BUILT_PRODUCTS_DIR; };
		43D0B8E91B7AF8B9008A5A3A /* Info.plist */ = {isa = PBXFileReference; lastKnownFileType = text.plist.xml; path = Info.plist; sourceTree = "<group>"; };
		43D0B8EA1B7AF8B9008A5A3A /* main.m */ = {isa = PBXFileReference; lastKnownFileType = sourcecode.c.objc; path = main.m; sourceTree = "<group>"; };
		43D0B8EC1B7AF8B9008A5A3A /* AppDelegate.h */ = {isa = PBXFileReference; lastKnownFileType = sourcecode.c.h; path = AppDelegate.h; sourceTree = "<group>"; };
		43D0B8ED1B7AF8B9008A5A3A /* AppDelegate.m */ = {isa = PBXFileReference; lastKnownFileType = sourcecode.c.objc; path = AppDelegate.m; sourceTree = "<group>"; };
		43D0B8EF1B7AF8B9008A5A3A /* ViewController.h */ = {isa = PBXFileReference; lastKnownFileType = sourcecode.c.h; path = ViewController.h; sourceTree = "<group>"; };
		43D0B8F01B7AF8B9008A5A3A /* ViewController.m */ = {isa = PBXFileReference; lastKnownFileType = sourcecode.c.objc; path = ViewController.m; sourceTree = "<group>"; };
		43D0B8F31B7AF8B9008A5A3A /* Base */ = {isa = PBXFileReference; lastKnownFileType = file.storyboard; name = Base; path = Base.lproj/Main.storyboard; sourceTree = "<group>"; };
		43D0B8F51B7AF8B9008A5A3A /* Images.xcassets */ = {isa = PBXFileReference; lastKnownFileType = folder.assetcatalog; path = Images.xcassets; sourceTree = "<group>"; };
		43D0B8F81B7AF8B9008A5A3A /* Base */ = {isa = PBXFileReference; lastKnownFileType = file.xib; name = Base; path = Base.lproj/LaunchScreen.xib; sourceTree = "<group>"; };
		43D0B8FE1B7AF8B9008A5A3A /* FbloginTests.xctest */ = {isa = PBXFileReference; explicitFileType = wrapper.cfbundle; includeInIndex = 0; path = FbloginTests.xctest; sourceTree = BUILT_PRODUCTS_DIR; };
		43D0B9031B7AF8B9008A5A3A /* Info.plist */ = {isa = PBXFileReference; lastKnownFileType = text.plist.xml; path = Info.plist; sourceTree = "<group>"; };
		43D0B9041B7AF8B9008A5A3A /* FbloginTests.m */ = {isa = PBXFileReference; lastKnownFileType = sourcecode.c.objc; path = FbloginTests.m; sourceTree = "<group>"; };
		43D0B90E1B7AFA8F008A5A3A /* FBSDKCoreKit.framework */ = {isa = PBXFileReference; lastKnownFileType = wrapper.framework; path = FBSDKCoreKit.framework; sourceTree = "<group>"; };
		43D0B90F1B7AFA8F008A5A3A /* FBSDKLoginKit.framework */ = {isa = PBXFileReference; lastKnownFileType = wrapper.framework; path = FBSDKLoginKit.framework; sourceTree = "<group>"; };
/* End PBXFileReference section */

/* Begin PBXFrameworksBuildPhase section */
		43D0B8E21B7AF8B9008A5A3A /* Frameworks */ = {
			isa = PBXFrameworksBuildPhase;
			buildActionMask = 2147483647;
			files = (
				43D0B9111B7AFA8F008A5A3A /* FBSDKLoginKit.framework in Frameworks */,
				43D0B9101B7AFA8F008A5A3A /* FBSDKCoreKit.framework in Frameworks */,
			);
			runOnlyForDeploymentPostprocessing = 0;
		};
		43D0B8FB1B7AF8B9008A5A3A /* Frameworks */ = {
			isa = PBXFrameworksBuildPhase;
			buildActionMask = 2147483647;
			files = (
			);
			runOnlyForDeploymentPostprocessing = 0;
		};
/* End PBXFrameworksBuildPhase section */

/* Begin PBXGroup section */
		43D0B8DC1B7AF8B9008A5A3A = {
			isa = PBXGroup;
			children = (
				43D0B8E71B7AF8B9008A5A3A /* Fblogin */,
				43D0B9011B7AF8B9008A5A3A /* FbloginTests */,
				43D0B8E61B7AF8B9008A5A3A /* Products */,
			);
			sourceTree = "<group>";
		};
		43D0B8E61B7AF8B9008A5A3A /* Products */ = {
			isa = PBXGroup;
			children = (
				43D0B8E51B7AF8B9008A5A3A /* Fblogin.app */,
				43D0B8FE1B7AF8B9008A5A3A /* FbloginTests.xctest */,
			);
			name = Products;
			sourceTree = "<group>";
		};
		43D0B8E71B7AF8B9008A5A3A /* Fblogin */ = {
			isa = PBXGroup;
			children = (
				43D0B8EC1B7AF8B9008A5A3A /* AppDelegate.h */,
				43D0B8ED1B7AF8B9008A5A3A /* AppDelegate.m */,
				43D0B8EF1B7AF8B9008A5A3A /* ViewController.h */,
				43D0B8F01B7AF8B9008A5A3A /* ViewController.m */,
				43D0B8F21B7AF8B9008A5A3A /* Main.storyboard */,
				43D0B8F51B7AF8B9008A5A3A /* Images.xcassets */,
				43D0B8F71B7AF8B9008A5A3A /* LaunchScreen.xib */,
				43D0B90E1B7AFA8F008A5A3A /* FBSDKCoreKit.framework */,
				43D0B90F1B7AFA8F008A5A3A /* FBSDKLoginKit.framework */,
				43D0B8E81B7AF8B9008A5A3A /* Supporting Files */,
			);
			path = Fblogin;
			sourceTree = "<group>";
		};
		43D0B8E81B7AF8B9008A5A3A /* Supporting Files */ = {
			isa = PBXGroup;
			children = (
				43D0B8E91B7AF8B9008A5A3A /* Info.plist */,
				43D0B8EA1B7AF8B9008A5A3A /* main.m */,
			);
			name = "Supporting Files";
			sourceTree = "<group>";
		};
		43D0B9011B7AF8B9008A5A3A /* FbloginTests */ = {
			isa = PBXGroup;
			children = (
				43D0B9041B7AF8B9008A5A3A /* FbloginTests.m */,
				43D0B9021B7AF8B9008A5A3A /* Supporting Files */,
			);
			path = FbloginTests;
			sourceTree = "<group>";
		};
		43D0B9021B7AF8B9008A5A3A /* Supporting Files */ = {
			isa = PBXGroup;
			children = (
				43D0B9031B7AF8B9008A5A3A /* Info.plist */,
			);
			name = "Supporting Files";
			sourceTree = "<group>";
		};
/* End PBXGroup section */

/* Begin PBXNativeTarget section */
		43D0B8E41B7AF8B9008A5A3A /* Fblogin */ = {
			isa = PBXNativeTarget;
			buildConfigurationList = 43D0B9081B7AF8B9008A5A3A /* Build configuration list for PBXNativeTarget "Fblogin" */;
			buildPhases = (
				43D0B8E11B7AF8B9008A5A3A /* Sources */,
				43D0B8E21B7AF8B9008A5A3A /* Frameworks */,
				43D0B8E31B7AF8B9008A5A3A /* Resources */,
			);
			buildRules = (
			);
			dependencies = (
			);
			name = Fblogin;
			productName = Fblogin;
			productReference = 43D0B8E51B7AF8B9008A5A3A /* Fblogin.app */;
			productType = "com.apple.product-type.application";
		};
		43D0B8FD1B7AF8B9008A5A3A /* FbloginTests */ = {
			isa = PBXNativeTarget;
			buildConfigurationList = 43D0B90B1B7AF8B9008A5A3A /* Build configuration list for PBXNativeTarget "FbloginTests" */;
			buildPhases = (
				43D0B8FA1B7AF8B9008A5A3A /* Sources */,
				43D0B8FB1B7AF8B9008A5A3A /* Frameworks */,
				43D0B8FC1B7AF8B9008A5A3A /* Resources */,
			);
			buildRules = (
			);
			dependencies = (
				43D0B9001B7AF8B9008A5A3A /* PBXTargetDependency */,
			);
			name = FbloginTests;
			productName = FbloginTests;
			productReference = 43D0B8FE1B7AF8B9008A5A3A /* FbloginTests.xctest */;
			productType = "com.apple.product-type.bundle.unit-test";
		};
/* End PBXNativeTarget section */

/* Begin PBXProject section */
		43D0B8DD1B7AF8B9008A5A3A /* Project object */ = {
			isa = PBXProject;
			attributes = {
				LastUpgradeCheck = 0640;
				ORGANIZATIONNAME = "Pankaj Khatri";
				TargetAttributes = {
					43D0B8E41B7AF8B9008A5A3A = {
						CreatedOnToolsVersion = 6.4;
					};
					43D0B8FD1B7AF8B9008A5A3A = {
						CreatedOnToolsVersion = 6.4;
						TestTargetID = 43D0B8E41B7AF8B9008A5A3A;
					};
				};
			};
			buildConfigurationList = 43D0B8E01B7AF8B9008A5A3A /* Build configuration list for PBXProject "Fblogin" */;
			compatibilityVersion = "Xcode 3.2";
			developmentRegion = English;
			hasScannedForEncodings = 0;
			knownRegions = (
				en,
				Base,
			);
			mainGroup = 43D0B8DC1B7AF8B9008A5A3A;
			productRefGroup = 43D0B8E61B7AF8B9008A5A3A /* Products */;
			projectDirPath = "";
			projectRoot = "";
			targets = (
				43D0B8E41B7AF8B9008A5A3A /* Fblogin */,
				43D0B8FD1B7AF8B9008A5A3A /* FbloginTests */,
			);
		};
/* End PBXProject section */

/* Begin PBXResourcesBuildPhase section */
		43D0B8E31B7AF8B9008A5A3A /* Resources */ = {
			isa = PBXResourcesBuildPhase;
			buildActionMask = 2147483647;
			files = (
				43D0B8F41B7AF8B9008A5A3A /* Main.storyboard in Resources */,
				43D0B8F91B7AF8B9008A5A3A /* LaunchScreen.xib in Resources */,
				43D0B8F61B7AF8B9008A5A3A /* Images.xcassets in Resources */,
			);
			runOnlyForDeploymentPostprocessing = 0;
		};
		43D0B8FC1B7AF8B9008A5A3A /* Resources */ = {
			isa = PBXResourcesBuildPhase;
			buildActionMask = 2147483647;
			files = (
			);
			runOnlyForDeploymentPostprocessing = 0;
		};
/* End PBXResourcesBuildPhase section */

/* Begin PBXSourcesBuildPhase section */
		43D0B8E11B7AF8B9008A5A3A /* Sources */ = {
			isa = PBXSourcesBuildPhase;
			buildActionMask = 2147483647;
			files = (
				43D0B8F11B7AF8B9008A5A3A /* ViewController.m in Sources */,
				43D0B8EE1B7AF8B9008A5A3A /* AppDelegate.m in Sources */,
				43D0B8EB1B7AF8B9008A5A3A /* main.m in Sources */,
			);
			runOnlyForDeploymentPostprocessing = 0;
		};
		43D0B8FA1B7AF8B9008A5A3A /* Sources */ = {
			isa = PBXSourcesBuildPhase;
			buildActionMask = 2147483647;
			files = (
				43D0B9051B7AF8B9008A5A3A /* FbloginTests.m in Sources */,
			);
			runOnlyForDeploymentPostprocessing = 0;
		};
/* End PBXSourcesBuildPhase section */

/* Begin PBXTargetDependency section */
		43D0B9001B7AF8B9008A5A3A /* PBXTargetDependency */ = {
			isa = PBXTargetDependency;
			target = 43D0B8E41B7AF8B9008A5A3A /* Fblogin */;
			targetProxy = 43D0B8FF1B7AF8B9008A5A3A /* PBXContainerItemProxy */;
		};
/* End PBXTargetDependency section */

/* Begin PBXVariantGroup section */
		43D0B8F21B7AF8B9008A5A3A /* Main.storyboard */ = {
			isa = PBXVariantGroup;
			children = (
				43D0B8F31B7AF8B9008A5A3A /* Base */,
			);
			name = Main.storyboard;
			sourceTree = "<group>";
		};
		43D0B8F71B7AF8B9008A5A3A /* LaunchScreen.xib */ = {
			isa = PBXVariantGroup;
			children = (
				43D0B8F81B7AF8B9008A5A3A /* Base */,
			);
			name = LaunchScreen.xib;
			sourceTree = "<group>";
		};
/* End PBXVariantGroup section */

/* Begin XCBuildConfiguration section */
		43D0B9061B7AF8B9008A5A3A /* Debug */ = {
			isa = XCBuildConfiguration;
			buildSettings = {
				ALWAYS_SEARCH_USER_PATHS = NO;
				CLANG_CXX_LANGUAGE_STANDARD = "gnu++0x";
				CLANG_CXX_LIBRARY = "libc++";
				CLANG_ENABLE_MODULES = YES;
				CLANG_ENABLE_OBJC_ARC = YES;
				CLANG_WARN_BOOL_CONVERSION = YES;
				CLANG_WARN_CONSTANT_CONVERSION = YES;
				CLANG_WARN_DIRECT_OBJC_ISA_USAGE = YES_ERROR;
				CLANG_WARN_EMPTY_BODY = YES;
				CLANG_WARN_ENUM_CONVERSION = YES;
				CLANG_WARN_INT_CONVERSION = YES;
				CLANG_WARN_OBJC_ROOT_CLASS = YES_ERROR;
				CLANG_WARN_UNREACHABLE_CODE = YES;
				CLANG_WARN__DUPLICATE_METHOD_MATCH = YES;
				"CODE_SIGN_IDENTITY[sdk=iphoneos*]" = "iPhone Developer";
				COPY_PHASE_STRIP = NO;
				DEBUG_INFORMATION_FORMAT = "dwarf-with-dsym";
				ENABLE_STRICT_OBJC_MSGSEND = YES;
				GCC_C_LANGUAGE_STANDARD = gnu99;
				GCC_DYNAMIC_NO_PIC = NO;
				GCC_NO_COMMON_BLOCKS = YES;
				GCC_OPTIMIZATION_LEVEL = 0;
				GCC_PREPROCESSOR_DEFINITIONS = (
					"DEBUG=1",
					"$(inherited)",
				);
				GCC_SYMBOLS_PRIVATE_EXTERN = NO;
				GCC_WARN_64_TO_32_BIT_CONVERSION = YES;
				GCC_WARN_ABOUT_RETURN_TYPE = YES_ERROR;
				GCC_WARN_UNDECLARED_SELECTOR = YES;
				GCC_WARN_UNINITIALIZED_AUTOS = YES_AGGRESSIVE;
				GCC_WARN_UNUSED_FUNCTION = YES;
				GCC_WARN_UNUSED_VARIABLE = YES;
				IPHONEOS_DEPLOYMENT_TARGET = 8.4;
				MTL_ENABLE_DEBUG_INFO = YES;
				ONLY_ACTIVE_ARCH = YES;
				SDKROOT = iphoneos;
				TARGETED_DEVICE_FAMILY = "1,2";
			};
			name = Debug;
		};
		43D0B9071B7AF8B9008A5A3A /* Release */ = {
			isa = XCBuildConfiguration;
			buildSettings = {
				ALWAYS_SEARCH_USER_PATHS = NO;
				CLANG_CXX_LANGUAGE_STANDARD = "gnu++0x";
				CLANG_CXX_LIBRARY = "libc++";
				CLANG_ENABLE_MODULES = YES;
				CLANG_ENABLE_OBJC_ARC = YES;
				CLANG_WARN_BOOL_CONVERSION = YES;
				CLANG_WARN_CONSTANT_CONVERSION = YES;
				CLANG_WARN_DIRECT_OBJC_ISA_USAGE = YES_ERROR;
				CLANG_WARN_EMPTY_BODY = YES;
				CLANG_WARN_ENUM_CONVERSION = YES;
				CLANG_WARN_INT_CONVERSION = YES;
				CLANG_WARN_OBJC_ROOT_CLASS = YES_ERROR;
				CLANG_WARN_UNREACHABLE_CODE = YES;
				CLANG_WARN__DUPLICATE_METHOD_MATCH = YES;
				"CODE_SIGN_IDENTITY[sdk=iphoneos*]" = "iPhone Developer";
				COPY_PHASE_STRIP = NO;
				DEBUG_INFORMATION_FORMAT = "dwarf-with-dsym";
				ENABLE_NS_ASSERTIONS = NO;
				ENABLE_STRICT_OBJC_MSGSEND = YES;
				GCC_C_LANGUAGE_STANDARD = gnu99;
				GCC_NO_COMMON_BLOCKS = YES;
				GCC_WARN_64_TO_32_BIT_CONVERSION = YES;
				GCC_WARN_ABOUT_RETURN_TYPE = YES_ERROR;
				GCC_WARN_UNDECLARED_SELECTOR = YES;
				GCC_WARN_UNINITIALIZED_AUTOS = YES_AGGRESSIVE;
				GCC_WARN_UNUSED_FUNCTION = YES;
				GCC_WARN_UNUSED_VARIABLE = YES;
				IPHONEOS_DEPLOYMENT_TARGET = 8.4;
				MTL_ENABLE_DEBUG_INFO = NO;
				SDKROOT = iphoneos;
				TARGETED_DEVICE_FAMILY = "1,2";
				VALIDATE_PRODUCT = YES;
			};
			name = Release;
		};
		43D0B9091B7AF8B9008A5A3A /* Debug */ = {
			isa = XCBuildConfiguration;
			buildSettings = {
				ASSETCATALOG_COMPILER_APPICON_NAME = AppIcon;
				FRAMEWORK_SEARCH_PATHS = (
					"$(inherited)",
					"$(PROJECT_DIR)/Fblogin",
				);
				INFOPLIST_FILE = Fblogin/Info.plist;
				LD_RUNPATH_SEARCH_PATHS = "$(inherited) @executable_path/Frameworks";
				PRODUCT_NAME = "$(TARGET_NAME)";
			};
			name = Debug;
		};
		43D0B90A1B7AF8B9008A5A3A /* Release */ = {
			isa = XCBuildConfiguration;
			buildSettings = {
				ASSETCATALOG_COMPILER_APPICON_NAME = AppIcon;
				FRAMEWORK_SEARCH_PATHS = (
					"$(inherited)",
					"$(PROJECT_DIR)/Fblogin",
				);
				INFOPLIST_FILE = Fblogin/Info.plist;
				LD_RUNPATH_SEARCH_PATHS = "$(inherited) @executable_path/Frameworks";
				PRODUCT_NAME = "$(TARGET_NAME)";
			};
			name = Release;
		};
		43D0B90C1B7AF8B9008A5A3A /* Debug */ = {
			isa = XCBuildConfiguration;
			buildSettings = {
				BUNDLE_LOADER = "$(TEST_HOST)";
				FRAMEWORK_SEARCH_PATHS = (
					"$(SDKROOT)/Developer/Library/Frameworks",
					"$(inherited)",
				);
				GCC_PREPROCESSOR_DEFINITIONS = (
					"DEBUG=1",
					"$(inherited)",
				);
				INFOPLIST_FILE = FbloginTests/Info.plist;
				LD_RUNPATH_SEARCH_PATHS = "$(inherited) @executable_path/Frameworks @loader_path/Frameworks";
				PRODUCT_NAME = "$(TARGET_NAME)";
				TEST_HOST = "$(BUILT_PRODUCTS_DIR)/Fblogin.app/Fblogin";
			};
			name = Debug;
		};
		43D0B90D1B7AF8B9008A5A3A /* Release */ = {
			isa = XCBuildConfiguration;
			buildSettings = {
				BUNDLE_LOADER = "$(TEST_HOST)";
				FRAMEWORK_SEARCH_PATHS = (
					"$(SDKROOT)/Developer/Library/Frameworks",
					"$(inherited)",
				);
				INFOPLIST_FILE = FbloginTests/Info.plist;
				LD_RUNPATH_SEARCH_PATHS = "$(inherited) @executable_path/Frameworks @loader_path/Frameworks";
				PRODUCT_NAME = "$(TARGET_NAME)";
				TEST_HOST = "$(BUILT_PRODUCTS_DIR)/Fblogin.app/Fblogin";
			};
			name = Release;
		};
/* End XCBuildConfiguration section */

/* Begin XCConfigurationList section */
		43D0B8E01B7AF8B9008A5A3A /* Build configuration list for PBXProject "Fblogin" */ = {
			isa = XCConfigurationList;
			buildConfigurations = (
				43D0B9061B7AF8B9008A5A3A /* Debug */,
				43D0B9071B7AF8B9008A5A3A /* Release */,
			);
			defaultConfigurationIsVisible = 0;
			defaultConfigurationName = Release;
		};
		43D0B9081B7AF8B9008A5A3A /* Build configuration list for PBXNativeTarget "Fblogin" */ = {
			isa = XCConfigurationList;
			buildConfigurations = (
				43D0B9091B7AF8B9008A5A3A /* Debug */,
				43D0B90A1B7AF8B9008A5A3A /* Release */,
			);
			defaultConfigurationIsVisible = 0;
		};
		43D0B90B1B7AF8B9008A5A3A /* Build configuration list for PBXNativeTarget "FbloginTests" */ = {
			isa = XCConfigurationList;
			buildConfigurations = (
				43D0B90C1B7AF8B9008A5A3A /* Debug */,
				43D0B90D1B7AF8B9008A5A3A /* Release */,
			);
			defaultConfigurationIsVisible = 0;
		};
/* End XCConfigurationList section */
	};
	rootObject = 43D0B8DD1B7AF8B9008A5A3A /* Project object */;
}
